Microsoft Visual Studio Solution File, Format Version 12.00
# Visual Studio Version 17
VisualStudioVersion = 17.5.2.0
MinimumVisualStudioVersion = 10.0.40219.1
Project("{FAE04EC0-301F-11D3-BF4B-00C04F79EFBC}") = "WoWTest", "WoWTest.csproj", "{BB9CB144-2405-0787-A434-847272743E63}"
EndProject
Global
	GlobalSection(SolutionConfigurationPlatforms) = preSolution
		Debug|Any CPU = Debug|Any CPU
		Release|Any CPU = Release|Any CPU
	EndGlobalSection
	GlobalSection(ProjectConfigurationPlatforms) = postSolution
		{BB9CB144-2405-0787-A434-847272743E63}.Debug|Any CPU.ActiveCfg = Debug|Any CPU
		{BB9CB144-2405-0787-A434-847272743E63}.Debug|Any CPU.Build.0 = Debug|Any CPU
		{BB9CB144-2405-0787-A434-847272743E63}.Release|Any CPU.ActiveCfg = Release|Any CPU
		{BB9CB144-2405-0787-A434-847272743E63}.Release|Any CPU.Build.0 = Release|Any CPU
	EndGlobalSection
	GlobalSection(SolutionProperties) = preSolution
		HideSolutionNode = FALSE
	EndGlobalSection
	GlobalSection(ExtensibilityGlobals) = postSolution
		SolutionGuid = {C3775965-49A4-45BE-B063-0E5A20EC6B0C}
	EndGlobalSection
EndGlobal
